
Microsoft Visual Studio Solution File, Format Version 12.00
# Visual Studio Version 17
VisualStudioVersion = 17.11.35327.3
MinimumVisualStudioVersion = 10.0.40219.1
Project("{9A19103F-16F7-4668-BE54-9A1E7A4F7556}") = "MedicationPlan.WebApi", "MedicationPlan\MedicationPlan.WebApi.csproj", "{FD278F29-068E-488A-9F45-2C287232919E}"
EndProject
Project("{9A19103F-16F7-4668-BE54-9A1E7A4F7556}") = "MedicationPlan.Domain", "MedicationPlan.Domain\MedicationPlan.Domain.csproj", "{2DD44E57-5971-4855-9D98-F3E8A5F03B14}"
EndProject
Project("{9A19103F-16F7-4668-BE54-9A1E7A4F7556}") = "MedicationPlan.Application", "MedicationPlan.Application\MedicationPlan.Application.csproj", "{5CB53E41-A9FC-4238-A0F9-F05E492A0B09}"
EndProject
Project("{9A19103F-16F7-4668-BE54-9A1E7A4F7556}") = "MedicationPlan.Persistence", "MedicationPlan.Persistence\MedicationPlan.Persistence.csproj", "{85DFDC26-76D3-4327-95A8-F14E1BF760D2}"
EndProject
Project("{9A19103F-16F7-4668-BE54-9A1E7A4F7556}") = "MedicationPlan.Tests", "MedicationPlan.Tests\MedicationPlan.Tests.csproj", "{9B0CED36-B078-4367-B368-0F11E6B9EB51}"
EndProject
Global
	GlobalSection(SolutionConfigurationPlatforms) = preSolution
		Debug|Any CPU = Debug|Any CPU
		Release|Any CPU = Release|Any CPU
	EndGlobalSection
	GlobalSection(ProjectConfigurationPlatforms) = postSolution
		{FD278F29-068E-488A-9F45-2C287232919E}.Debug|Any CPU.ActiveCfg = Debug|Any CPU
		{FD278F29-068E-488A-9F45-2C287232919E}.Debug|Any CPU.Build.0 = Debug|Any CPU
		{FD278F29-068E-488A-9F45-2C287232919E}.Release|Any CPU.ActiveCfg = Release|Any CPU
		{FD278F29-068E-488A-9F45-2C287232919E}.Release|Any CPU.Build.0 = Release|Any CPU
		{2DD44E57-5971-4855-9D98-F3E8A5F03B14}.Debug|Any CPU.ActiveCfg = Debug|Any CPU
		{2DD44E57-5971-4855-9D98-F3E8A5F03B14}.Debug|Any CPU.Build.0 = Debug|Any CPU
		{2DD44E57-5971-4855-9D98-F3E8A5F03B14}.Release|Any CPU.ActiveCfg = Release|Any CPU
		{2DD44E57-5971-4855-9D98-F3E8A5F03B14}.Release|Any CPU.Build.0 = Release|Any CPU
		{5CB53E41-A9FC-4238-A0F9-F05E492A0B09}.Debug|Any CPU.ActiveCfg = Debug|Any CPU
		{5CB53E41-A9FC-4238-A0F9-F05E492A0B09}.Debug|Any CPU.Build.0 = Debug|Any CPU
		{5CB53E41-A9FC-4238-A0F9-F05E492A0B09}.Release|Any CPU.ActiveCfg = Release|Any CPU
		{5CB53E41-A9FC-4238-A0F9-F05E492A0B09}.Release|Any CPU.Build.0 = Release|Any CPU
		{85DFDC26-76D3-4327-95A8-F14E1BF760D2}.Debug|Any CPU.ActiveCfg = Debug|Any CPU
		{85DFDC26-76D3-4327-95A8-F14E1BF760D2}.Debug|Any CPU.Build.0 = Debug|Any CPU
		{85DFDC26-76D3-4327-95A8-F14E1BF760D2}.Release|Any CPU.ActiveCfg = Release|Any CPU
		{85DFDC26-76D3-4327-95A8-F14E1BF760D2}.Release|Any CPU.Build.0 = Release|Any CPU
		{9B0CED36-B078-4367-B368-0F11E6B9EB51}.Debug|Any CPU.ActiveCfg = Debug|Any CPU
		{9B0CED36-B078-4367-B368-0F11E6B9EB51}.Debug|Any CPU.Build.0 = Debug|Any CPU
		{9B0CED36-B078-4367-B368-0F11E6B9EB51}.Release|Any CPU.ActiveCfg = Release|Any CPU
		{9B0CED36-B078-4367-B368-0F11E6B9EB51}.Release|Any CPU.Build.0 = Release|Any CPU
	EndGlobalSection
	GlobalSection(SolutionProperties) = preSolution
		HideSolutionNode = FALSE
	EndGlobalSection
	GlobalSection(ExtensibilityGlobals) = postSolution
		SolutionGuid = {B8631CEA-8FF9-4748-874E-9348CFAE3B49}
	EndGlobalSection
EndGlobal
